
Microsoft Visual Studio Solution File, Format Version 12.00
# Visual Studio Version 17
VisualStudioVersion = 17.6.33829.357
MinimumVisualStudioVersion = 10.0.40219.1
Project("{9A19103F-16F7-4668-BE54-9A1E7A4F7556}") = "EtaLearning.API", "EtaLearning.API\EtaLearning.API.csproj", "{E0E906FA-EF91-43B6-8C10-D9D89D329A07}"
EndProject
Project("{9A19103F-16F7-4668-BE54-9A1E7A4F7556}") = "EtaLearning.DataAccess", "EtaLearning.DataAccess\EtaLearning.DataAccess.csproj", "{02B76018-182A-49D3-902C-18925FA1B015}"
EndProject
Project("{FAE04EC0-301F-11D3-BF4B-00C04F79EFBC}") = "EtaLearning.Core", "EtaLearning.Core\EtaLearning.Core.csproj", "{C5D68157-20C1-476B-924B-AA4B6F8CEF36}"
EndProject
Global
	GlobalSection(SolutionConfigurationPlatforms) = preSolution
		Debug|Any CPU = Debug|Any CPU
		Release|Any CPU = Release|Any CPU
	EndGlobalSection
	GlobalSection(ProjectConfigurationPlatforms) = postSolution
		{E0E906FA-EF91-43B6-8C10-D9D89D329A07}.Debug|Any CPU.ActiveCfg = Debug|Any CPU
		{E0E906FA-EF91-43B6-8C10-D9D89D329A07}.Debug|Any CPU.Build.0 = Debug|Any CPU
		{E0E906FA-EF91-43B6-8C10-D9D89D329A07}.Release|Any CPU.ActiveCfg = Release|Any CPU
		{E0E906FA-EF91-43B6-8C10-D9D89D329A07}.Release|Any CPU.Build.0 = Release|Any CPU
		{02B76018-182A-49D3-902C-18925FA1B015}.Debug|Any CPU.ActiveCfg = Debug|Any CPU
		{02B76018-182A-49D3-902C-18925FA1B015}.Debug|Any CPU.Build.0 = Debug|Any CPU
		{02B76018-182A-49D3-902C-18925FA1B015}.Release|Any CPU.ActiveCfg = Release|Any CPU
		{02B76018-182A-49D3-902C-18925FA1B015}.Release|Any CPU.Build.0 = Release|Any CPU
		{C5D68157-20C1-476B-924B-AA4B6F8CEF36}.Debug|Any CPU.ActiveCfg = Debug|Any CPU
		{C5D68157-20C1-476B-924B-AA4B6F8CEF36}.Debug|Any CPU.Build.0 = Debug|Any CPU
		{C5D68157-20C1-476B-924B-AA4B6F8CEF36}.Release|Any CPU.ActiveCfg = Release|Any CPU
		{C5D68157-20C1-476B-924B-AA4B6F8CEF36}.Release|Any CPU.Build.0 = Release|Any CPU
	EndGlobalSection
	GlobalSection(SolutionProperties) = preSolution
		HideSolutionNode = FALSE
	EndGlobalSection
	GlobalSection(ExtensibilityGlobals) = postSolution
		SolutionGuid = {2BEB99CB-998E-4BDF-A0FA-7141128554F4}
	EndGlobalSection
EndGlobal
